
Microsoft Visual Studio Solution File, Format Version 12.00
# Visual Studio Version 17
VisualStudioVersion = 17.11.35219.272
MinimumVisualStudioVersion = 10.0.40219.1
Project("{9A19103F-16F7-4668-BE54-9A1E7A4F7556}") = "Entity Framework", "Entity Framework.csproj", "{2A58E831-5838-4002-A876-5D2D3493F7B0}"
EndProject
Project("{FAE04EC0-301F-11D3-BF4B-00C04F79EFBC}") = "Shared", "..\ClassLibrary1\Shared.csproj", "{D8F61768-C8CB-41ED-8601-01E1FCD9AE82}"
EndProject
Global
	GlobalSection(SolutionConfigurationPlatforms) = preSolution
		Debug|Any CPU = Debug|Any CPU
		Release|Any CPU = Release|Any CPU
	EndGlobalSection
	GlobalSection(ProjectConfigurationPlatforms) = postSolution
		{2A58E831-5838-4002-A876-5D2D3493F7B0}.Debug|Any CPU.ActiveCfg = Debug|Any CPU
		{2A58E831-5838-4002-A876-5D2D3493F7B0}.Debug|Any CPU.Build.0 = Debug|Any CPU
		{2A58E831-5838-4002-A876-5D2D3493F7B0}.Release|Any CPU.ActiveCfg = Release|Any CPU
		{2A58E831-5838-4002-A876-5D2D3493F7B0}.Release|Any CPU.Build.0 = Release|Any CPU
		{D8F61768-C8CB-41ED-8601-01E1FCD9AE82}.Debug|Any CPU.ActiveCfg = Debug|Any CPU
		{D8F61768-C8CB-41ED-8601-01E1FCD9AE82}.Debug|Any CPU.Build.0 = Debug|Any CPU
		{D8F61768-C8CB-41ED-8601-01E1FCD9AE82}.Release|Any CPU.ActiveCfg = Release|Any CPU
		{D8F61768-C8CB-41ED-8601-01E1FCD9AE82}.Release|Any CPU.Build.0 = Release|Any CPU
	EndGlobalSection
	GlobalSection(SolutionProperties) = preSolution
		HideSolutionNode = FALSE
	EndGlobalSection
	GlobalSection(ExtensibilityGlobals) = postSolution
		SolutionGuid = {258E28B5-9642-468E-AC9B-45C4D0CFA8EB}
	EndGlobalSection
EndGlobal
